
Microsoft Visual Studio Solution File, Format Version 12.00
# Visual Studio 15
Project("{FAE04EC0-301F-11D3-BF4B-00C04F79EFBC}") = "Assembly-CSharp", "Assembly-CSharp.csproj", "{715494FF-135C-56CB-B6C7-E4C493D09319}"
EndProject
Global
	GlobalSection(SolutionConfigurationPlatforms) = preSolution
		Debug|Any CPU = Debug|Any CPU
		Release|Any CPU = Release|Any CPU
	EndGlobalSection
	GlobalSection(ProjectConfigurationPlatforms) = postSolution
		{715494FF-135C-56CB-B6C7-E4C493D09319}.Debug|Any CPU.ActiveCfg = Debug|Any CPU
		{715494FF-135C-56CB-B6C7-E4C493D09319}.Debug|Any CPU.Build.0 = Debug|Any CPU
		{715494FF-135C-56CB-B6C7-E4C493D09319}.Release|Any CPU.ActiveCfg = Release|Any CPU
		{715494FF-135C-56CB-B6C7-E4C493D09319}.Release|Any CPU.Build.0 = Release|Any CPU
	EndGlobalSection
	GlobalSection(SolutionProperties) = preSolution
		HideSolutionNode = FALSE
	EndGlobalSection
EndGlobal
